// !$*UTF8*$!
{
	archiveVersion = 1;
	classes = {
	};
	objectVersion = 46;
	objects = {

/* Begin PBXBuildFile section */
		A0231905199C8EA20014A59F /* Realm.framework in Frameworks */ = {isa = PBXBuildFile; fileRef = A02318F4199C8E710014A59F /* Realm.framework */; };
		A0231908199C8ED20014A59F /* Realm.framework in CopyFiles */ = {isa = PBXBuildFile; fileRef = A02318F8199C8E710014A59F /* Realm.framework */; settings = {ATTRIBUTES = (CodeSignOnCopy, RemoveHeadersOnCopy, ); }; };
		A0391B8C199A134F003E93EB /* Images.xcassets in Resources */ = {isa = PBXBuildFile; fileRef = A0391B8B199A134F003E93EB /* Images.xcassets */; };
		A0391BA7199A14CE003E93EB /* AppDelegate.swift in Sources */ = {isa = PBXBuildFile; fileRef = A0391BA6199A14CE003E93EB /* AppDelegate.swift */; };
		A0391BAB199A14E8003E93EB /* Main.storyboard in Resources */ = {isa = PBXBuildFile; fileRef = A0391BAA199A14E8003E93EB /* Main.storyboard */; };
		A0F5EAC4199A1F770079BD9E /* NetworkingHelper.swift in Sources */ = {isa = PBXBuildFile; fileRef = A0F5EAC3199A1F770079BD9E /* NetworkingHelper.swift */; };
		A0F5EAC6199A23610079BD9E /* CoreLocation.framework in Frameworks */ = {isa = PBXBuildFile; fileRef = A0F5EAC5199A23610079BD9E /* CoreLocation.framework */; };
		A0F5EACA199A2CAA0079BD9E /* TranslatorHelper.swift in Sources */ = {isa = PBXBuildFile; fileRef = A0F5EAC9199A2CAA0079BD9E /* TranslatorHelper.swift */; };
		A0F5EACC199A2EC90079BD9E /* Alamofire.swift in Sources */ = {isa = PBXBuildFile; fileRef = A0F5EACB199A2EC90079BD9E /* Alamofire.swift */; };
		A0F5EACE199A2EEE0079BD9E /* SwiftyJSON.swift in Sources */ = {isa = PBXBuildFile; fileRef = A0F5EACD199A2EEE0079BD9E /* SwiftyJSON.swift */; };
		A0F5EAD1199A2F740079BD9E /* City.swift in Sources */ = {isa = PBXBuildFile; fileRef = A0F5EAD0199A2F740079BD9E /* City.swift */; };
		A0F5EAD3199A2FC40079BD9E /* CitiesViewController.swift in Sources */ = {isa = PBXBuildFile; fileRef = A0F5EAD2199A2FC40079BD9E /* CitiesViewController.swift */; };
		A0F5EAD5199A3CB20079BD9E /* CityViewController.swift in Sources */ = {isa = PBXBuildFile; fileRef = A0F5EAD4199A3CB20079BD9E /* CityViewController.swift */; };
/* End PBXBuildFile section */

/* Begin PBXContainerItemProxy section */
		A02318F3199C8E710014A59F /* PBXContainerItemProxy */ = {
			isa = PBXContainerItemProxy;
			containerPortal = A02318E8199C8E710014A59F /* Realm-Xcode6.xcodeproj */;
			proxyType = 2;
			remoteGlobalIDString = E8D89B981955FC6D00CF2B9A;
			remoteInfo = OSX;
		};
		A02318F5199C8E710014A59F /* PBXContainerItemProxy */ = {
			isa = PBXContainerItemProxy;
			containerPortal = A02318E8199C8E710014A59F /* Realm-Xcode6.xcodeproj */;
			proxyType = 2;
			remoteGlobalIDString = E8D89BA31955FC6D00CF2B9A;
			remoteInfo = "OSX Tests";
		};
		A02318F7199C8E710014A59F /* PBXContainerItemProxy */ = {
			isa = PBXContainerItemProxy;
			containerPortal = A02318E8199C8E710014A59F /* Realm-Xcode6.xcodeproj */;
			proxyType = 2;
			remoteGlobalIDString = E856D1D5195614A300FB2FCF;
			remoteInfo = iOS;
		};
		A02318F9199C8E710014A59F /* PBXContainerItemProxy */ = {
			isa = PBXContainerItemProxy;
			containerPortal = A02318E8199C8E710014A59F /* Realm-Xcode6.xcodeproj */;
			proxyType = 2;
			remoteGlobalIDString = E856D1DF195614A400FB2FCF;
			remoteInfo = "iOS Tests";
		};
		A02318FB199C8E710014A59F /* PBXContainerItemProxy */ = {
			isa = PBXContainerItemProxy;
			containerPortal = A02318E8199C8E710014A59F /* Realm-Xcode6.xcodeproj */;
			proxyType = 2;
			remoteGlobalIDString = 3F8DCA5719930F550008BD7F;
			remoteInfo = "iOS Device Tests";
		};
		A02318FD199C8E710014A59F /* PBXContainerItemProxy */ = {
			isa = PBXContainerItemProxy;
			containerPortal = A02318E8199C8E710014A59F /* Realm-Xcode6.xcodeproj */;
			proxyType = 2;
			remoteGlobalIDString = E8FE4140196DBA6700073FBB;
			remoteInfo = OSXTestFramework;
		};
		A02318FF199C8E710014A59F /* PBXContainerItemProxy */ = {
			isa = PBXContainerItemProxy;
			containerPortal = A02318E8199C8E710014A59F /* Realm-Xcode6.xcodeproj */;
			proxyType = 2;
			remoteGlobalIDString = E8CA10F9196DC18A0044F8AA;
			remoteInfo = iOSTestFramework;
		};
		A0231901199C8E710014A59F /* PBXContainerItemProxy */ = {
			isa = PBXContainerItemProxy;
			containerPortal = A02318E8199C8E710014A59F /* Realm-Xcode6.xcodeproj */;
			proxyType = 2;
			remoteGlobalIDString = 3F1A5E721992EB7400F45F4C;
			remoteInfo = TestHost;
		};
		A0231903199C8E930014A59F /* PBXContainerItemProxy */ = {
			isa = PBXContainerItemProxy;
			containerPortal = A02318E8199C8E710014A59F /* Realm-Xcode6.xcodeproj */;
			proxyType = 1;
			remoteGlobalIDString = E856D1D4195614A300FB2FCF;
			remoteInfo = iOS;
		};
/* End PBXContainerItemProxy section */

/* Begin PBXCopyFilesBuildPhase section */
		A0231906199C8EAB0014A59F /* CopyFiles */ = {
			isa = PBXCopyFilesBuildPhase;
			buildActionMask = 2147483647;
			dstPath = "";
			dstSubfolderSpec = 10;
			files = (
				A0231908199C8ED20014A59F /* Realm.framework in CopyFiles */,
			);
			runOnlyForDeploymentPostprocessing = 0;
		};
/* End PBXCopyFilesBuildPhase section */

/* Begin PBXFileReference section */
		A02318E8199C8E710014A59F /* Realm-Xcode6.xcodeproj */ = {isa = PBXFileReference; lastKnownFileType = "wrapper.pb-project"; name = "Realm-Xcode6.xcodeproj"; path = "External/realm-cocoa/Realm-Xcode6.xcodeproj"; sourceTree = SOURCE_ROOT; };
		A0391B7F199A134F003E93EB /* WeatherApp.app */ = {isa = PBXFileReference; explicitFileType = wrapper.application; includeInIndex = 0; path = WeatherApp.app; sourceTree = BUILT_PRODUCTS_DIR; };
		A0391B8B199A134F003E93EB /* Images.xcassets */ = {isa = PBXFileReference; lastKnownFileType = folder.assetcatalog; path = Images.xcassets; sourceTree = "<group>"; };
		A0391BA1199A1498003E93EB /* Info.plist */ = {isa = PBXFileReference; fileEncoding = 4; lastKnownFileType = text.plist.xml; name = Info.plist; path = Supporting/Info.plist; sourceTree = "<group>"; };
		A0391BA6199A14CE003E93EB /* AppDelegate.swift */ = {isa = PBXFileReference; fileEncoding = 4; lastKnownFileType = sourcecode.swift; name = AppDelegate.swift; path = Application/AppDelegate.swift; sourceTree = "<group>"; };
		A0391BAA199A14E8003E93EB /* Main.storyboard */ = {isa = PBXFileReference; fileEncoding = 4; lastKnownFileType = file.storyboard; name = Main.storyboard; path = Views/Main.storyboard; sourceTree = "<group>"; };
		A0F5EAC3199A1F770079BD9E /* NetworkingHelper.swift */ = {isa = PBXFileReference; fileEncoding = 4; lastKnownFileType = sourcecode.swift; name = NetworkingHelper.swift; path = Helpers/NetworkingHelper.swift; sourceTree = "<group>"; };
		A0F5EAC5199A23610079BD9E /* CoreLocation.framework */ = {isa = PBXFileReference; lastKnownFileType = wrapper.framework; name = CoreLocation.framework; path = System/Library/Frameworks/CoreLocation.framework; sourceTree = SDKROOT; };
		A0F5EAC9199A2CAA0079BD9E /* TranslatorHelper.swift */ = {isa = PBXFileReference; fileEncoding = 4; lastKnownFileType = sourcecode.swift; name = TranslatorHelper.swift; path = Helpers/TranslatorHelper.swift; sourceTree = "<group>"; };
		A0F5EACB199A2EC90079BD9E /* Alamofire.swift */ = {isa = PBXFileReference; fileEncoding = 4; lastKnownFileType = sourcecode.swift; name = Alamofire.swift; path = External/Alamofire/Source/Alamofire.swift; sourceTree = SOURCE_ROOT; };
		A0F5EACD199A2EEE0079BD9E /* SwiftyJSON.swift */ = {isa = PBXFileReference; fileEncoding = 4; lastKnownFileType = sourcecode.swift; name = SwiftyJSON.swift; path = External/SwiftyJSON/SwiftyJSON/SwiftyJSON.swift; sourceTree = SOURCE_ROOT; };
		A0F5EAD0199A2F740079BD9E /* City.swift */ = {isa = PBXFileReference; fileEncoding = 4; lastKnownFileType = sourcecode.swift; name = City.swift; path = Models/City.swift; sourceTree = "<group>"; };
		A0F5EAD2199A2FC40079BD9E /* CitiesViewController.swift */ = {isa = PBXFileReference; fileEncoding = 4; lastKnownFileType = sourcecode.swift; name = CitiesViewController.swift; path = Controllers/CitiesViewController.swift; sourceTree = "<group>"; };
		A0F5EAD4199A3CB20079BD9E /* CityViewController.swift */ = {isa = PBXFileReference; fileEncoding = 4; lastKnownFileType = sourcecode.swift; name = CityViewController.swift; path = Controllers/CityViewController.swift; sourceTree = "<group>"; };
/* End PBXFileReference section */

/* Begin PBXFrameworksBuildPhase section */
		A0391B7C199A134F003E93EB /* Frameworks */ = {
			isa = PBXFrameworksBuildPhase;
			buildActionMask = 2147483647;
			files = (
				A0231905199C8EA20014A59F /* Realm.framework in Frameworks */,
				A0F5EAC6199A23610079BD9E /* CoreLocation.framework in Frameworks */,
			);
			runOnlyForDeploymentPostprocessing = 0;
		};
/* End PBXFrameworksBuildPhase section */

/* Begin PBXGroup section */
		A02318E9199C8E710014A59F /* Products */ = {
			isa = PBXGroup;
			children = (
				A02318F4199C8E710014A59F /* Realm.framework */,
				A02318F6199C8E710014A59F /* OSX Tests.xctest */,
				A02318F8199C8E710014A59F /* Realm.framework */,
				A02318FA199C8E710014A59F /* iOS Tests.xctest */,
				A02318FC199C8E710014A59F /* iOS Device Tests.xctest */,
				A02318FE199C8E710014A59F /* TestFramework.framework */,
				A0231900199C8E710014A59F /* TestFramework.framework */,
				A0231902199C8E710014A59F /* TestHost.app */,
			);
			name = Products;
			sourceTree = "<group>";
		};
		A0391B76199A134F003E93EB = {
			isa = PBXGroup;
			children = (
				A0391B81199A134F003E93EB /* WeatherApp */,
				A0391B80199A134F003E93EB /* Products */,
			);
			sourceTree = "<group>";
		};
		A0391B80199A134F003E93EB /* Products */ = {
			isa = PBXGroup;
			children = (
				A0391B7F199A134F003E93EB /* WeatherApp.app */,
			);
			name = Products;
			sourceTree = "<group>";
		};
		A0391B81199A134F003E93EB /* WeatherApp */ = {
			isa = PBXGroup;
			children = (
				A0391BA3199A14AE003E93EB /* Application */,
				A0391BA5199A14C1003E93EB /* Controllers */,
				A0F5EABF199A17490079BD9E /* External */,
				A0F5EAC8199A237D0079BD9E /* Frameworks */,
				A0F5EAC2199A1F370079BD9E /* Helpers */,
				A0391B8B199A134F003E93EB /* Images.xcassets */,
				A0F5EACF199A2F390079BD9E /* Models */,
				A0391B82199A134F003E93EB /* Supporting */,
				A0391BA4199A14B7003E93EB /* Views */,
			);
			path = WeatherApp;
			sourceTree = "<group>";
		};
		A0391B82199A134F003E93EB /* Supporting */ = {
			isa = PBXGroup;
			children = (
				A0391BA1199A1498003E93EB /* Info.plist */,
			);
			name = Supporting;
			sourceTree = "<group>";
		};
		A0391BA3199A14AE003E93EB /* Application */ = {
			isa = PBXGroup;
			children = (
				A0391BA6199A14CE003E93EB /* AppDelegate.swift */,
			);
			name = Application;
			sourceTree = "<group>";
		};
		A0391BA4199A14B7003E93EB /* Views */ = {
			isa = PBXGroup;
			children = (
				A0391BAA199A14E8003E93EB /* Main.storyboard */,
			);
			name = Views;
			sourceTree = "<group>";
		};
		A0391BA5199A14C1003E93EB /* Controllers */ = {
			isa = PBXGroup;
			children = (
				A0F5EAD2199A2FC40079BD9E /* CitiesViewController.swift */,
				A0F5EAD4199A3CB20079BD9E /* CityViewController.swift */,
			);
			name = Controllers;
			sourceTree = "<group>";
		};
		A0F5EABF199A17490079BD9E /* External */ = {
			isa = PBXGroup;
			children = (
				A0F5EACD199A2EEE0079BD9E /* SwiftyJSON.swift */,
				A0F5EACB199A2EC90079BD9E /* Alamofire.swift */,
				A02318E8199C8E710014A59F /* Realm-Xcode6.xcodeproj */,
			);
			name = External;
			sourceTree = "<group>";
		};
		A0F5EAC2199A1F370079BD9E /* Helpers */ = {
			isa = PBXGroup;
			children = (
				A0F5EAC3199A1F770079BD9E /* NetworkingHelper.swift */,
				A0F5EAC9199A2CAA0079BD9E /* TranslatorHelper.swift */,
			);
			name = Helpers;
			sourceTree = "<group>";
		};
		A0F5EAC8199A237D0079BD9E /* Frameworks */ = {
			isa = PBXGroup;
			children = (
				A0F5EAC5199A23610079BD9E /* CoreLocation.framework */,
			);
			name = Frameworks;
			sourceTree = "<group>";
		};
		A0F5EACF199A2F390079BD9E /* Models */ = {
			isa = PBXGroup;
			children = (
				A0F5EAD0199A2F740079BD9E /* City.swift */,
			);
			name = Models;
			sourceTree = "<group>";
		};
/* End PBXGroup section */

/* Begin PBXNativeTarget section */
		A0391B7E199A134F003E93EB /* WeatherApp */ = {
			isa = PBXNativeTarget;
			buildConfigurationList = A0391B9B199A134F003E93EB /* Build configuration list for PBXNativeTarget "WeatherApp" */;
			buildPhases = (
				A0391B7B199A134F003E93EB /* Sources */,
				A0391B7C199A134F003E93EB /* Frameworks */,
				A0391B7D199A134F003E93EB /* Resources */,
				A0231906199C8EAB0014A59F /* CopyFiles */,
			);
			buildRules = (
			);
			dependencies = (
				A0231904199C8E930014A59F /* PBXTargetDependency */,
			);
			name = WeatherApp;
			productName = WeatherApp;
			productReference = A0391B7F199A134F003E93EB /* WeatherApp.app */;
			productType = "com.apple.product-type.application";
		};
/* End PBXNativeTarget section */

/* Begin PBXProject section */
		A0391B77199A134F003E93EB /* Project object */ = {
			isa = PBXProject;
			attributes = {
				LastUpgradeCheck = 0600;
				ORGANIZATIONNAME = "Renzo Crisóstomo";
				TargetAttributes = {
					A0391B7E199A134F003E93EB = {
						CreatedOnToolsVersion = 6.0;
					};
				};
			};
			buildConfigurationList = A0391B7A199A134F003E93EB /* Build configuration list for PBXProject "WeatherApp" */;
			compatibilityVersion = "Xcode 3.2";
			developmentRegion = English;
			hasScannedForEncodings = 0;
			knownRegions = (
				en,
				Base,
			);
			mainGroup = A0391B76199A134F003E93EB;
			productRefGroup = A0391B80199A134F003E93EB /* Products */;
			projectDirPath = "";
			projectReferences = (
				{
					ProductGroup = A02318E9199C8E710014A59F /* Products */;
					ProjectRef = A02318E8199C8E710014A59F /* Realm-Xcode6.xcodeproj */;
				},
			);
			projectRoot = "";
			targets = (
				A0391B7E199A134F003E93EB /* WeatherApp */,
			);
		};
/* End PBXProject section */

/* Begin PBXReferenceProxy section */
		A02318F4199C8E710014A59F /* Realm.framework */ = {
			isa = PBXReferenceProxy;
			fileType = wrapper.framework;
			path = Realm.framework;
			remoteRef = A02318F3199C8E710014A59F /* PBXContainerItemProxy */;
			sourceTree = BUILT_PRODUCTS_DIR;
		};
		A02318F6199C8E710014A59F /* OSX Tests.xctest */ = {
			isa = PBXReferenceProxy;
			fileType = wrapper.cfbundle;
			path = "OSX Tests.xctest";
			remoteRef = A02318F5199C8E710014A59F /* PBXContainerItemProxy */;
			sourceTree = BUILT_PRODUCTS_DIR;
		};
		A02318F8199C8E710014A59F /* Realm.framework */ = {
			isa = PBXReferenceProxy;
			fileType = wrapper.framework;
			path = Realm.framework;
			remoteRef = A02318F7199C8E710014A59F /* PBXContainerItemProxy */;
			sourceTree = BUILT_PRODUCTS_DIR;
		};
		A02318FA199C8E710014A59F /* iOS Tests.xctest */ = {
			isa = PBXReferenceProxy;
			fileType = wrapper.cfbundle;
			path = "iOS Tests.xctest";
			remoteRef = A02318F9199C8E710014A59F /* PBXContainerItemProxy */;
			sourceTree = BUILT_PRODUCTS_DIR;
		};
		A02318FC199C8E710014A59F /* iOS Device Tests.xctest */ = {
			isa = PBXReferenceProxy;
			fileType = wrapper.cfbundle;
			path = "iOS Device Tests.xctest";
			remoteRef = A02318FB199C8E710014A59F /* PBXContainerItemProxy */;
			sourceTree = BUILT_PRODUCTS_DIR;
		};
		A02318FE199C8E710014A59F /* TestFramework.framework */ = {
			isa = PBXReferenceProxy;
			fileType = wrapper.framework;
			path = TestFramework.framework;
			remoteRef = A02318FD199C8E710014A59F /* PBXContainerItemProxy */;
			sourceTree = BUILT_PRODUCTS_DIR;
		};
		A0231900199C8E710014A59F /* TestFramework.framework */ = {
			isa = PBXReferenceProxy;
			fileType = wrapper.framework;
			path = TestFramework.framework;
			remoteRef = A02318FF199C8E710014A59F /* PBXContainerItemProxy */;
			sourceTree = BUILT_PRODUCTS_DIR;
		};
		A0231902199C8E710014A59F /* TestHost.app */ = {
			isa = PBXReferenceProxy;
			fileType = wrapper.application;
			path = TestHost.app;
			remoteRef = A0231901199C8E710014A59F /* PBXContainerItemProxy */;
			sourceTree = BUILT_PRODUCTS_DIR;
		};
/* End PBXReferenceProxy section */

/* Begin PBXResourcesBuildPhase section */
		A0391B7D199A134F003E93EB /* Resources */ = {
			isa = PBXResourcesBuildPhase;
			buildActionMask = 2147483647;
			files = (
				A0391BAB199A14E8003E93EB /* Main.storyboard in Resources */,
				A0391B8C199A134F003E93EB /* Images.xcassets in Resources */,
			);
			runOnlyForDeploymentPostprocessing = 0;
		};
/* End PBXResourcesBuildPhase section */

/* Begin PBXSourcesBuildPhase section */
		A0391B7B199A134F003E93EB /* Sources */ = {
			isa = PBXSourcesBuildPhase;
			buildActionMask = 2147483647;
			files = (
				A0F5EAC4199A1F770079BD9E /* NetworkingHelper.swift in Sources */,
				A0F5EACC199A2EC90079BD9E /* Alamofire.swift in Sources */,
				A0F5EACA199A2CAA0079BD9E /* TranslatorHelper.swift in Sources */,
				A0F5EAD5199A3CB20079BD9E /* CityViewController.swift in Sources */,
				A0F5EACE199A2EEE0079BD9E /* SwiftyJSON.swift in Sources */,
				A0391BA7199A14CE003E93EB /* AppDelegate.swift in Sources */,
				A0F5EAD3199A2FC40079BD9E /* CitiesViewController.swift in Sources */,
				A0F5EAD1199A2F740079BD9E /* City.swift in Sources */,
			);
			runOnlyForDeploymentPostprocessing = 0;
		};
/* End PBXSourcesBuildPhase section */

/* Begin PBXTargetDependency section */
		A0231904199C8E930014A59F /* PBXTargetDependency */ = {
			isa = PBXTargetDependency;
			name = iOS;
			targetProxy = A0231903199C8E930014A59F /* PBXContainerItemProxy */;
		};
/* End PBXTargetDependency section */

/* Begin XCBuildConfiguration section */
		A0391B99199A134F003E93EB /* Debug */ = {
			isa = XCBuildConfiguration;
			buildSettings = {
				ALWAYS_SEARCH_USER_PATHS = NO;
				CLANG_CXX_LANGUAGE_STANDARD = "gnu++0x";
				CLANG_CXX_LIBRARY = "libc++";
				CLANG_ENABLE_MODULES = YES;
				CLANG_ENABLE_OBJC_ARC = YES;
				CLANG_WARN_BOOL_CONVERSION = YES;
				CLANG_WARN_CONSTANT_CONVERSION = YES;
				CLANG_WARN_DIRECT_OBJC_ISA_USAGE = YES_ERROR;
				CLANG_WARN_EMPTY_BODY = YES;
				CLANG_WARN_ENUM_CONVERSION = YES;
				CLANG_WARN_INT_CONVERSION = YES;
				CLANG_WARN_OBJC_ROOT_CLASS = YES_ERROR;
				CLANG_WARN_UNREACHABLE_CODE = YES;
				CLANG_WARN__DUPLICATE_METHOD_MATCH = YES;
				"CODE_SIGN_IDENTITY[sdk=iphoneos*]" = "iPhone Developer";
				COPY_PHASE_STRIP = NO;
				ENABLE_STRICT_OBJC_MSGSEND = YES;
				GCC_C_LANGUAGE_STANDARD = gnu99;
				GCC_DYNAMIC_NO_PIC = NO;
				GCC_OPTIMIZATION_LEVEL = 0;
				GCC_PREPROCESSOR_DEFINITIONS = (
					"DEBUG=1",
					"$(inherited)",
				);
				GCC_SYMBOLS_PRIVATE_EXTERN = NO;
				GCC_WARN_64_TO_32_BIT_CONVERSION = YES;
				GCC_WARN_ABOUT_RETURN_TYPE = YES_ERROR;
				GCC_WARN_UNDECLARED_SELECTOR = YES;
				GCC_WARN_UNINITIALIZED_AUTOS = YES_AGGRESSIVE;
				GCC_WARN_UNUSED_FUNCTION = YES;
				GCC_WARN_UNUSED_VARIABLE = YES;
				IPHONEOS_DEPLOYMENT_TARGET = 8.0;
				MTL_ENABLE_DEBUG_INFO = YES;
				ONLY_ACTIVE_ARCH = YES;
				SDKROOT = iphoneos;
				SWIFT_OPTIMIZATION_LEVEL = "-Onone";
			};
			name = Debug;
		};
		A0391B9A199A134F003E93EB /* Release */ = {
			isa = XCBuildConfiguration;
			buildSettings = {
				ALWAYS_SEARCH_USER_PATHS = NO;
				CLANG_CXX_LANGUAGE_STANDARD = "gnu++0x";
				CLANG_CXX_LIBRARY = "libc++";
				CLANG_ENABLE_MODULES = YES;
				CLANG_ENABLE_OBJC_ARC = YES;
				CLANG_WARN_BOOL_CONVERSION = YES;
				CLANG_WARN_CONSTANT_CONVERSION = YES;
				CLANG_WARN_DIRECT_OBJC_ISA_USAGE = YES_ERROR;
				CLANG_WARN_EMPTY_BODY = YES;
				CLANG_WARN_ENUM_CONVERSION = YES;
				CLANG_WARN_INT_CONVERSION = YES;
				CLANG_WARN_OBJC_ROOT_CLASS = YES_ERROR;
				CLANG_WARN_UNREACHABLE_CODE = YES;
				CLANG_WARN__DUPLICATE_METHOD_MATCH = YES;
				"CODE_SIGN_IDENTITY[sdk=iphoneos*]" = "iPhone Developer";
				COPY_PHASE_STRIP = YES;
				ENABLE_NS_ASSERTIONS = NO;
				ENABLE_STRICT_OBJC_MSGSEND = YES;
				GCC_C_LANGUAGE_STANDARD = gnu99;
				GCC_WARN_64_TO_32_BIT_CONVERSION = YES;
				GCC_WARN_ABOUT_RETURN_TYPE = YES_ERROR;
				GCC_WARN_UNDECLARED_SELECTOR = YES;
				GCC_WARN_UNINITIALIZED_AUTOS = YES_AGGRESSIVE;
				GCC_WARN_UNUSED_FUNCTION = YES;
				GCC_WARN_UNUSED_VARIABLE = YES;
				IPHONEOS_DEPLOYMENT_TARGET = 8.0;
				MTL_ENABLE_DEBUG_INFO = NO;
				SDKROOT = iphoneos;
				VALIDATE_PRODUCT = YES;
			};
			name = Release;
		};
		A0391B9C199A134F003E93EB /* Debug */ = {
			isa = XCBuildConfiguration;
			buildSettings = {
				ASSETCATALOG_COMPILER_APPICON_NAME = AppIcon;
				ASSETCATALOG_COMPILER_LAUNCHIMAGE_NAME = LaunchImage;
				DEFINES_MODULE = YES;
				INFOPLIST_FILE = "$(SRCROOT)/WeatherApp/Supporting/Info.plist";
				LD_RUNPATH_SEARCH_PATHS = "$(inherited) @executable_path/Frameworks";
				PRODUCT_NAME = "$(TARGET_NAME)";
			};
			name = Debug;
		};
		A0391B9D199A134F003E93EB /* Release */ = {
			isa = XCBuildConfiguration;
			buildSettings = {
				ASSETCATALOG_COMPILER_APPICON_NAME = AppIcon;
				ASSETCATALOG_COMPILER_LAUNCHIMAGE_NAME = LaunchImage;
				DEFINES_MODULE = YES;
				INFOPLIST_FILE = "$(SRCROOT)/WeatherApp/Supporting/Info.plist";
				LD_RUNPATH_SEARCH_PATHS = "$(inherited) @executable_path/Frameworks";
				PRODUCT_NAME = "$(TARGET_NAME)";
			};
			name = Release;
		};
/* End XCBuildConfiguration section */

/* Begin XCConfigurationList section */
		A0391B7A199A134F003E93EB /* Build configuration list for PBXProject "WeatherApp" */ = {
			isa = XCConfigurationList;
			buildConfigurations = (
				A0391B99199A134F003E93EB /* Debug */,
				A0391B9A199A134F003E93EB /* Release */,
			);
			defaultConfigurationIsVisible = 0;
			defaultConfigurationName = Release;
		};
		A0391B9B199A134F003E93EB /* Build configuration list for PBXNativeTarget "WeatherApp" */ = {
			isa = XCConfigurationList;
			buildConfigurations = (
				A0391B9C199A134F003E93EB /* Debug */,
				A0391B9D199A134F003E93EB /* Release */,
			);
			defaultConfigurationIsVisible = 0;
			defaultConfigurationName = Release;
		};
/* End XCConfigurationList section */
	};
	rootObject = A0391B77199A134F003E93EB /* Project object */;
}
