// !$*UTF8*$!
{
	archiveVersion = 1;
	classes = {
	};
	objectVersion = 46;
	objects = {

/* Begin PBXBuildFile section */
		A0391B8C199A134F003E93EB /* Images.xcassets in Resources */ = {isa = PBXBuildFile; fileRef = A0391B8B199A134F003E93EB /* Images.xcassets */; };
		A0391BA7199A14CE003E93EB /* AppDelegate.swift in Sources */ = {isa = PBXBuildFile; fileRef = A0391BA6199A14CE003E93EB /* AppDelegate.swift */; };
		A0391BA9199A14D5003E93EB /* CountriesViewController.swift in Sources */ = {isa = PBXBuildFile; fileRef = A0391BA8199A14D5003E93EB /* CountriesViewController.swift */; };
		A0391BAB199A14E8003E93EB /* Main.storyboard in Resources */ = {isa = PBXBuildFile; fileRef = A0391BAA199A14E8003E93EB /* Main.storyboard */; };
/* End PBXBuildFile section */

/* Begin PBXFileReference section */
		A0391B7F199A134F003E93EB /* WeatherApp.app */ = {isa = PBXFileReference; explicitFileType = wrapper.application; includeInIndex = 0; path = WeatherApp.app; sourceTree = BUILT_PRODUCTS_DIR; };
		A0391B8B199A134F003E93EB /* Images.xcassets */ = {isa = PBXFileReference; lastKnownFileType = folder.assetcatalog; path = Images.xcassets; sourceTree = "<group>"; };
		A0391BA1199A1498003E93EB /* Info.plist */ = {isa = PBXFileReference; fileEncoding = 4; lastKnownFileType = text.plist.xml; name = Info.plist; path = Supporting/Info.plist; sourceTree = "<group>"; };
		A0391BA6199A14CE003E93EB /* AppDelegate.swift */ = {isa = PBXFileReference; fileEncoding = 4; lastKnownFileType = sourcecode.swift; name = AppDelegate.swift; path = Application/AppDelegate.swift; sourceTree = "<group>"; };
		A0391BA8199A14D5003E93EB /* CountriesViewController.swift */ = {isa = PBXFileReference; fileEncoding = 4; lastKnownFileType = sourcecode.swift; name = CountriesViewController.swift; path = Controllers/CountriesViewController.swift; sourceTree = "<group>"; };
		A0391BAA199A14E8003E93EB /* Main.storyboard */ = {isa = PBXFileReference; fileEncoding = 4; lastKnownFileType = file.storyboard; name = Main.storyboard; path = Views/Main.storyboard; sourceTree = "<group>"; };
/* End PBXFileReference section */

/* Begin PBXFrameworksBuildPhase section */
		A0391B7C199A134F003E93EB /* Frameworks */ = {
			isa = PBXFrameworksBuildPhase;
			buildActionMask = 2147483647;
			files = (
			);
			runOnlyForDeploymentPostprocessing = 0;
		};
/* End PBXFrameworksBuildPhase section */

/* Begin PBXGroup section */
		A0391B76199A134F003E93EB = {
			isa = PBXGroup;
			children = (
				A0391B81199A134F003E93EB /* WeatherApp */,
				A0391B80199A134F003E93EB /* Products */,
			);
			sourceTree = "<group>";
		};
		A0391B80199A134F003E93EB /* Products */ = {
			isa = PBXGroup;
			children = (
				A0391B7F199A134F003E93EB /* WeatherApp.app */,
			);
			name = Products;
			sourceTree = "<group>";
		};
		A0391B81199A134F003E93EB /* WeatherApp */ = {
			isa = PBXGroup;
			children = (
				A0391BA3199A14AE003E93EB /* Application */,
				A0391BA5199A14C1003E93EB /* Controllers */,
				A0391B8B199A134F003E93EB /* Images.xcassets */,
				A0391B82199A134F003E93EB /* Supporting */,
				A0391BA4199A14B7003E93EB /* Views */,
			);
			path = WeatherApp;
			sourceTree = "<group>";
		};
		A0391B82199A134F003E93EB /* Supporting */ = {
			isa = PBXGroup;
			children = (
				A0391BA1199A1498003E93EB /* Info.plist */,
			);
			name = Supporting;
			sourceTree = "<group>";
		};
		A0391BA3199A14AE003E93EB /* Application */ = {
			isa = PBXGroup;
			children = (
				A0391BA6199A14CE003E93EB /* AppDelegate.swift */,
			);
			name = Application;
			sourceTree = "<group>";
		};
		A0391BA4199A14B7003E93EB /* Views */ = {
			isa = PBXGroup;
			children = (
				A0391BAA199A14E8003E93EB /* Main.storyboard */,
			);
			name = Views;
			sourceTree = "<group>";
		};
		A0391BA5199A14C1003E93EB /* Controllers */ = {
			isa = PBXGroup;
			children = (
				A0391BA8199A14D5003E93EB /* CountriesViewController.swift */,
			);
			name = Controllers;
			sourceTree = "<group>";
		};
/* End PBXGroup section */

/* Begin PBXNativeTarget section */
		A0391B7E199A134F003E93EB /* WeatherApp */ = {
			isa = PBXNativeTarget;
			buildConfigurationList = A0391B9B199A134F003E93EB /* Build configuration list for PBXNativeTarget "WeatherApp" */;
			buildPhases = (
				A0391B7B199A134F003E93EB /* Sources */,
				A0391B7C199A134F003E93EB /* Frameworks */,
				A0391B7D199A134F003E93EB /* Resources */,
			);
			buildRules = (
			);
			dependencies = (
			);
			name = WeatherApp;
			productName = WeatherApp;
			productReference = A0391B7F199A134F003E93EB /* WeatherApp.app */;
			productType = "com.apple.product-type.application";
		};
/* End PBXNativeTarget section */

/* Begin PBXProject section */
		A0391B77199A134F003E93EB /* Project object */ = {
			isa = PBXProject;
			attributes = {
				LastUpgradeCheck = 0600;
				ORGANIZATIONNAME = "Renzo Crisóstomo";
				TargetAttributes = {
					A0391B7E199A134F003E93EB = {
						CreatedOnToolsVersion = 6.0;
					};
				};
			};
			buildConfigurationList = A0391B7A199A134F003E93EB /* Build configuration list for PBXProject "WeatherApp" */;
			compatibilityVersion = "Xcode 3.2";
			developmentRegion = English;
			hasScannedForEncodings = 0;
			knownRegions = (
				en,
				Base,
			);
			mainGroup = A0391B76199A134F003E93EB;
			productRefGroup = A0391B80199A134F003E93EB /* Products */;
			projectDirPath = "";
			projectRoot = "";
			targets = (
				A0391B7E199A134F003E93EB /* WeatherApp */,
			);
		};
/* End PBXProject section */

/* Begin PBXResourcesBuildPhase section */
		A0391B7D199A134F003E93EB /* Resources */ = {
			isa = PBXResourcesBuildPhase;
			buildActionMask = 2147483647;
			files = (
				A0391BAB199A14E8003E93EB /* Main.storyboard in Resources */,
				A0391B8C199A134F003E93EB /* Images.xcassets in Resources */,
			);
			runOnlyForDeploymentPostprocessing = 0;
		};
/* End PBXResourcesBuildPhase section */

/* Begin PBXSourcesBuildPhase section */
		A0391B7B199A134F003E93EB /* Sources */ = {
			isa = PBXSourcesBuildPhase;
			buildActionMask = 2147483647;
			files = (
				A0391BA9199A14D5003E93EB /* CountriesViewController.swift in Sources */,
				A0391BA7199A14CE003E93EB /* AppDelegate.swift in Sources */,
			);
			runOnlyForDeploymentPostprocessing = 0;
		};
/* End PBXSourcesBuildPhase section */

/* Begin XCBuildConfiguration section */
		A0391B99199A134F003E93EB /* Debug */ = {
			isa = XCBuildConfiguration;
			buildSettings = {
				ALWAYS_SEARCH_USER_PATHS = NO;
				CLANG_CXX_LANGUAGE_STANDARD = "gnu++0x";
				CLANG_CXX_LIBRARY = "libc++";
				CLANG_ENABLE_MODULES = YES;
				CLANG_ENABLE_OBJC_ARC = YES;
				CLANG_WARN_BOOL_CONVERSION = YES;
				CLANG_WARN_CONSTANT_CONVERSION = YES;
				CLANG_WARN_DIRECT_OBJC_ISA_USAGE = YES_ERROR;
				CLANG_WARN_EMPTY_BODY = YES;
				CLANG_WARN_ENUM_CONVERSION = YES;
				CLANG_WARN_INT_CONVERSION = YES;
				CLANG_WARN_OBJC_ROOT_CLASS = YES_ERROR;
				CLANG_WARN_UNREACHABLE_CODE = YES;
				CLANG_WARN__DUPLICATE_METHOD_MATCH = YES;
				"CODE_SIGN_IDENTITY[sdk=iphoneos*]" = "iPhone Developer";
				COPY_PHASE_STRIP = NO;
				ENABLE_STRICT_OBJC_MSGSEND = YES;
				GCC_C_LANGUAGE_STANDARD = gnu99;
				GCC_DYNAMIC_NO_PIC = NO;
				GCC_OPTIMIZATION_LEVEL = 0;
				GCC_PREPROCESSOR_DEFINITIONS = (
					"DEBUG=1",
					"$(inherited)",
				);
				GCC_SYMBOLS_PRIVATE_EXTERN = NO;
				GCC_WARN_64_TO_32_BIT_CONVERSION = YES;
				GCC_WARN_ABOUT_RETURN_TYPE = YES_ERROR;
				GCC_WARN_UNDECLARED_SELECTOR = YES;
				GCC_WARN_UNINITIALIZED_AUTOS = YES_AGGRESSIVE;
				GCC_WARN_UNUSED_FUNCTION = YES;
				GCC_WARN_UNUSED_VARIABLE = YES;
				IPHONEOS_DEPLOYMENT_TARGET = 8.0;
				MTL_ENABLE_DEBUG_INFO = YES;
				ONLY_ACTIVE_ARCH = YES;
				SDKROOT = iphoneos;
				SWIFT_OPTIMIZATION_LEVEL = "-Onone";
			};
			name = Debug;
		};
		A0391B9A199A134F003E93EB /* Release */ = {
			isa = XCBuildConfiguration;
			buildSettings = {
				ALWAYS_SEARCH_USER_PATHS = NO;
				CLANG_CXX_LANGUAGE_STANDARD = "gnu++0x";
				CLANG_CXX_LIBRARY = "libc++";
				CLANG_ENABLE_MODULES = YES;
				CLANG_ENABLE_OBJC_ARC = YES;
				CLANG_WARN_BOOL_CONVERSION = YES;
				CLANG_WARN_CONSTANT_CONVERSION = YES;
				CLANG_WARN_DIRECT_OBJC_ISA_USAGE = YES_ERROR;
				CLANG_WARN_EMPTY_BODY = YES;
				CLANG_WARN_ENUM_CONVERSION = YES;
				CLANG_WARN_INT_CONVERSION = YES;
				CLANG_WARN_OBJC_ROOT_CLASS = YES_ERROR;
				CLANG_WARN_UNREACHABLE_CODE = YES;
				CLANG_WARN__DUPLICATE_METHOD_MATCH = YES;
				"CODE_SIGN_IDENTITY[sdk=iphoneos*]" = "iPhone Developer";
				COPY_PHASE_STRIP = YES;
				ENABLE_NS_ASSERTIONS = NO;
				ENABLE_STRICT_OBJC_MSGSEND = YES;
				GCC_C_LANGUAGE_STANDARD = gnu99;
				GCC_WARN_64_TO_32_BIT_CONVERSION = YES;
				GCC_WARN_ABOUT_RETURN_TYPE = YES_ERROR;
				GCC_WARN_UNDECLARED_SELECTOR = YES;
				GCC_WARN_UNINITIALIZED_AUTOS = YES_AGGRESSIVE;
				GCC_WARN_UNUSED_FUNCTION = YES;
				GCC_WARN_UNUSED_VARIABLE = YES;
				IPHONEOS_DEPLOYMENT_TARGET = 8.0;
				MTL_ENABLE_DEBUG_INFO = NO;
				SDKROOT = iphoneos;
				VALIDATE_PRODUCT = YES;
			};
			name = Release;
		};
		A0391B9C199A134F003E93EB /* Debug */ = {
			isa = XCBuildConfiguration;
			buildSettings = {
				ASSETCATALOG_COMPILER_APPICON_NAME = AppIcon;
				ASSETCATALOG_COMPILER_LAUNCHIMAGE_NAME = LaunchImage;
				INFOPLIST_FILE = "$(SRCROOT)/WeatherApp/Supporting/Info.plist";
				LD_RUNPATH_SEARCH_PATHS = "$(inherited) @executable_path/Frameworks";
				PRODUCT_NAME = "$(TARGET_NAME)";
			};
			name = Debug;
		};
		A0391B9D199A134F003E93EB /* Release */ = {
			isa = XCBuildConfiguration;
			buildSettings = {
				ASSETCATALOG_COMPILER_APPICON_NAME = AppIcon;
				ASSETCATALOG_COMPILER_LAUNCHIMAGE_NAME = LaunchImage;
				INFOPLIST_FILE = "$(SRCROOT)/WeatherApp/Supporting/Info.plist";
				LD_RUNPATH_SEARCH_PATHS = "$(inherited) @executable_path/Frameworks";
				PRODUCT_NAME = "$(TARGET_NAME)";
			};
			name = Release;
		};
/* End XCBuildConfiguration section */

/* Begin XCConfigurationList section */
		A0391B7A199A134F003E93EB /* Build configuration list for PBXProject "WeatherApp" */ = {
			isa = XCConfigurationList;
			buildConfigurations = (
				A0391B99199A134F003E93EB /* Debug */,
				A0391B9A199A134F003E93EB /* Release */,
			);
			defaultConfigurationIsVisible = 0;
			defaultConfigurationName = Release;
		};
		A0391B9B199A134F003E93EB /* Build configuration list for PBXNativeTarget "WeatherApp" */ = {
			isa = XCConfigurationList;
			buildConfigurations = (
				A0391B9C199A134F003E93EB /* Debug */,
				A0391B9D199A134F003E93EB /* Release */,
			);
			defaultConfigurationIsVisible = 0;
		};
/* End XCConfigurationList section */
	};
	rootObject = A0391B77199A134F003E93EB /* Project object */;
}
